PODS:
  - Crashlytics (3.7.3):
    - Fabric (~> 1.6.3)
  - Fabric (1.6.7)

DEPENDENCIES:
  - Crashlytics
  - Fabric

SPEC CHECKSUMS:
  Crashlytics: 76f6beaff70acf226139582c09c78461597c2b98
  Fabric: caf7580c725e64db144f610ac65cd60956911dc7

PODFILE CHECKSUM: 68d8906d492e64c6c5cba7f69310361730c3317a

COCOAPODS: 1.0.1
